// !$*UTF8*$!
{
	archiveVersion = 1;
	classes = {
	};
	objectVersion = 50;
	objects = {

/* Begin PBXBuildFile section */
		0F3037E32664B686003B6AB2 /* SubViewController.swift in Sources */ = {isa = PBXBuildFile; fileRef = 0F3037E22664B686003B6AB2 /* SubViewController.swift */; };
		0FD8F4AA262D586400B10EF4 /* AppDelegate.swift in Sources */ = {isa = PBXBuildFile; fileRef = 0FD8F4A9262D586400B10EF4 /* AppDelegate.swift */; };
		0FD8F4AC262D586400B10EF4 /* ViewController.swift in Sources */ = {isa = PBXBuildFile; fileRef = 0FD8F4AB262D586400B10EF4 /* ViewController.swift */; };
		0FD8F4AF262D586400B10EF4 /* Main.storyboard in Resources */ = {isa = PBXBuildFile; fileRef = 0FD8F4AD262D586400B10EF4 /* Main.storyboard */; };
		0FD8F4B1262D586500B10EF4 /* Assets.xcassets in Resources */ = {isa = PBXBuildFile; fileRef = 0FD8F4B0262D586500B10EF4 /* Assets.xcassets */; };
		0FD8F4B4262D586500B10EF4 /* LaunchScreen.storyboard in Resources */ = {isa = PBXBuildFile; fileRef = 0FD8F4B2262D586500B10EF4 /* LaunchScreen.storyboard */; };
		0FD8F4BF262D586500B10EF4 /* _021_IP3S_IW13A_12Tests.swift in Sources */ = {isa = PBXBuildFile; fileRef = 0FD8F4BE262D586500B10EF4 /* _021_IP3S_IW13A_12Tests.swift */; };
		0FD8F4CA262D586500B10EF4 /* _021_IP3S_IW13A_12UITests.swift in Sources */ = {isa = PBXBuildFile; fileRef = 0FD8F4C9262D586500B10EF4 /* _021_IP3S_IW13A_12UITests.swift */; };
/* End PBXBuildFile section */

/* Begin PBXContainerItemProxy section */
		0FD8F4BB262D586500B10EF4 /* PBXContainerItemProxy */ = {
			isa = PBXContainerItemProxy;
			containerPortal = 0FD8F49E262D586400B10EF4 /* Project object */;
			proxyType = 1;
			remoteGlobalIDString = 0FD8F4A5262D586400B10EF4;
			remoteInfo = 2021_IP3S_IW13A_12;
		};
		0FD8F4C6262D586500B10EF4 /* PBXContainerItemProxy */ = {
			isa = PBXContainerItemProxy;
			containerPortal = 0FD8F49E262D586400B10EF4 /* Project object */;
			proxyType = 1;
			remoteGlobalIDString = 0FD8F4A5262D586400B10EF4;
			remoteInfo = 2021_IP3S_IW13A_12;
		};
/* End PBXContainerItemProxy section */

/* Begin PBXFileReference section */
		0F3037E22664B686003B6AB2 /* SubViewController.swift */ = {isa = PBXFileReference; lastKnownFileType = sourcecode.swift; path = SubViewController.swift; sourceTree = "<group>"; };
		0FD8F4A6262D586400B10EF4 /* 2021_IP3S_IW13A_12.app */ = {isa = PBXFileReference; explicitFileType = wrapper.application; includeInIndex = 0; path = 2021_IP3S_IW13A_12.app; sourceTree = BUILT_PRODUCTS_DIR; };
		0FD8F4A9262D586400B10EF4 /* AppDelegate.swift */ = {isa = PBXFileReference; lastKnownFileType = sourcecode.swift; path = AppDelegate.swift; sourceTree = "<group>"; };
		0FD8F4AB262D586400B10EF4 /* ViewController.swift */ = {isa = PBXFileReference; lastKnownFileType = sourcecode.swift; path = ViewController.swift; sourceTree = "<group>"; };
		0FD8F4AE262D586400B10EF4 /* Base */ = {isa = PBXFileReference; lastKnownFileType = file.storyboard; name = Base; path = Base.lproj/Main.storyboard; sourceTree = "<group>"; };
		0FD8F4B0262D586500B10EF4 /* Assets.xcassets */ = {isa = PBXFileReference; lastKnownFileType = folder.assetcatalog; path = Assets.xcassets; sourceTree = "<group>"; };
		0FD8F4B3262D586500B10EF4 /* Base */ = {isa = PBXFileReference; lastKnownFileType = file.storyboard; name = Base; path = Base.lproj/LaunchScreen.storyboard; sourceTree = "<group>"; };
		0FD8F4B5262D586500B10EF4 /* Info.plist */ = {isa = PBXFileReference; lastKnownFileType = text.plist.xml; path = Info.plist; sourceTree = "<group>"; };
		0FD8F4BA262D586500B10EF4 /* 2021_IP3S_IW13A_12Tests.xctest */ = {isa = PBXFileReference; explicitFileType = wrapper.cfbundle; includeInIndex = 0; path = 2021_IP3S_IW13A_12Tests.xctest; sourceTree = BUILT_PRODUCTS_DIR; };
		0FD8F4BE262D586500B10EF4 /* _021_IP3S_IW13A_12Tests.swift */ = {isa = PBXFileReference; lastKnownFileType = sourcecode.swift; path = _021_IP3S_IW13A_12Tests.swift; sourceTree = "<group>"; };
		0FD8F4C0262D586500B10EF4 /* Info.plist */ = {isa = PBXFileReference; lastKnownFileType = text.plist.xml; path = Info.plist; sourceTree = "<group>"; };
		0FD8F4C5262D586500B10EF4 /* 2021_IP3S_IW13A_12UITests.xctest */ = {isa = PBXFileReference; explicitFileType = wrapper.cfbundle; includeInIndex = 0; path = 2021_IP3S_IW13A_12UITests.xctest; sourceTree = BUILT_PRODUCTS_DIR; };
		0FD8F4C9262D586500B10EF4 /* _021_IP3S_IW13A_12UITests.swift */ = {isa = PBXFileReference; lastKnownFileType = sourcecode.swift; path = _021_IP3S_IW13A_12UITests.swift; sourceTree = "<group>"; };
		0FD8F4CB262D586500B10EF4 /* Info.plist */ = {isa = PBXFileReference; lastKnownFileType = text.plist.xml; path = Info.plist; sourceTree = "<group>"; };
/* End PBXFileReference section */

/* Begin PBXFrameworksBuildPhase section */
		0FD8F4A3262D586400B10EF4 /* Frameworks */ = {
			isa = PBXFrameworksBuildPhase;
			buildActionMask = 2147483647;
			files = (
			);
			runOnlyForDeploymentPostprocessing = 0;
		};
		0FD8F4B7262D586500B10EF4 /* Frameworks */ = {
			isa = PBXFrameworksBuildPhase;
			buildActionMask = 2147483647;
			files = (
			);
			runOnlyForDeploymentPostprocessing = 0;
		};
		0FD8F4C2262D586500B10EF4 /* Frameworks */ = {
			isa = PBXFrameworksBuildPhase;
			buildActionMask = 2147483647;
			files = (
			);
			runOnlyForDeploymentPostprocessing = 0;
		};
/* End PBXFrameworksBuildPhase section */

/* Begin PBXGroup section */
		0FD8F49D262D586400B10EF4 = {
			isa = PBXGroup;
			children = (
				0FD8F4A8262D586400B10EF4 /* 2021_IP3S_IW13A_12 */,
				0FD8F4BD262D586500B10EF4 /* 2021_IP3S_IW13A_12Tests */,
				0FD8F4C8262D586500B10EF4 /* 2021_IP3S_IW13A_12UITests */,
				0FD8F4A7262D586400B10EF4 /* Products */,
			);
			sourceTree = "<group>";
		};
		0FD8F4A7262D586400B10EF4 /* Products */ = {
			isa = PBXGroup;
			children = (
				0FD8F4A6262D586400B10EF4 /* 2021_IP3S_IW13A_12.app */,
				0FD8F4BA262D586500B10EF4 /* 2021_IP3S_IW13A_12Tests.xctest */,
				0FD8F4C5262D586500B10EF4 /* 2021_IP3S_IW13A_12UITests.xctest */,
			);
			name = Products;
			sourceTree = "<group>";
		};
		0FD8F4A8262D586400B10EF4 /* 2021_IP3S_IW13A_12 */ = {
			isa = PBXGroup;
			children = (
				0FD8F4A9262D586400B10EF4 /* AppDelegate.swift */,
				0FD8F4AB262D586400B10EF4 /* ViewController.swift */,
				0FD8F4AD262D586400B10EF4 /* Main.storyboard */,
				0FD8F4B0262D586500B10EF4 /* Assets.xcassets */,
				0FD8F4B2262D586500B10EF4 /* LaunchScreen.storyboard */,
				0FD8F4B5262D586500B10EF4 /* Info.plist */,
				0F3037E22664B686003B6AB2 /* SubViewController.swift */,
			);
			path = 2021_IP3S_IW13A_12;
			sourceTree = "<group>";
		};
		0FD8F4BD262D586500B10EF4 /* 2021_IP3S_IW13A_12Tests */ = {
			isa = PBXGroup;
			children = (
				0FD8F4BE262D586500B10EF4 /* _021_IP3S_IW13A_12Tests.swift */,
				0FD8F4C0262D586500B10EF4 /* Info.plist */,
			);
			path = 2021_IP3S_IW13A_12Tests;
			sourceTree = "<group>";
		};
		0FD8F4C8262D586500B10EF4 /* 2021_IP3S_IW13A_12UITests */ = {
			isa = PBXGroup;
			children = (
				0FD8F4C9262D586500B10EF4 /* _021_IP3S_IW13A_12UITests.swift */,
				0FD8F4CB262D586500B10EF4 /* Info.plist */,
			);
			path = 2021_IP3S_IW13A_12UITests;
			sourceTree = "<group>";
		};
/* End PBXGroup section */

/* Begin PBXNativeTarget section */
		0FD8F4A5262D586400B10EF4 /* 2021_IP3S_IW13A_12 */ = {
			isa = PBXNativeTarget;
			buildConfigurationList = 0FD8F4CE262D586500B10EF4 /* Build configuration list for PBXNativeTarget "2021_IP3S_IW13A_12" */;
			buildPhases = (
				0FD8F4A2262D586400B10EF4 /* Sources */,
				0FD8F4A3262D586400B10EF4 /* Frameworks */,
				0FD8F4A4262D586400B10EF4 /* Resources */,
			);
			buildRules = (
			);
			dependencies = (
			);
			name = 2021_IP3S_IW13A_12;
			productName = 2021_IP3S_IW13A_12;
			productReference = 0FD8F4A6262D586400B10EF4 /* 2021_IP3S_IW13A_12.app */;
			productType = "com.apple.product-type.application";
		};
		0FD8F4B9262D586500B10EF4 /* 2021_IP3S_IW13A_12Tests */ = {
			isa = PBXNativeTarget;
			buildConfigurationList = 0FD8F4D1262D586500B10EF4 /* Build configuration list for PBXNativeTarget "2021_IP3S_IW13A_12Tests" */;
			buildPhases = (
				0FD8F4B6262D586500B10EF4 /* Sources */,
				0FD8F4B7262D586500B10EF4 /* Frameworks */,
				0FD8F4B8262D586500B10EF4 /* Resources */,
			);
			buildRules = (
			);
			dependencies = (
				0FD8F4BC262D586500B10EF4 /* PBXTargetDependency */,
			);
			name = 2021_IP3S_IW13A_12Tests;
			productName = 2021_IP3S_IW13A_12Tests;
			productReference = 0FD8F4BA262D586500B10EF4 /* 2021_IP3S_IW13A_12Tests.xctest */;
			productType = "com.apple.product-type.bundle.unit-test";
		};
		0FD8F4C4262D586500B10EF4 /* 2021_IP3S_IW13A_12UITests */ = {
			isa = PBXNativeTarget;
			buildConfigurationList = 0FD8F4D4262D586500B10EF4 /* Build configuration list for PBXNativeTarget "2021_IP3S_IW13A_12UITests" */;
			buildPhases = (
				0FD8F4C1262D586500B10EF4 /* Sources */,
				0FD8F4C2262D586500B10EF4 /* Frameworks */,
				0FD8F4C3262D586500B10EF4 /* Resources */,
			);
			buildRules = (
			);
			dependencies = (
				0FD8F4C7262D586500B10EF4 /* PBXTargetDependency */,
			);
			name = 2021_IP3S_IW13A_12UITests;
			productName = 2021_IP3S_IW13A_12UITests;
			productReference = 0FD8F4C5262D586500B10EF4 /* 2021_IP3S_IW13A_12UITests.xctest */;
			productType = "com.apple.product-type.bundle.ui-testing";
		};
/* End PBXNativeTarget section */

/* Begin PBXProject section */
		0FD8F49E262D586400B10EF4 /* Project object */ = {
			isa = PBXProject;
			attributes = {
				LastSwiftUpdateCheck = 1010;
				LastUpgradeCheck = 1010;
				ORGANIZATIONNAME = halnagoya;
				TargetAttributes = {
					0FD8F4A5262D586400B10EF4 = {
						CreatedOnToolsVersion = 10.1;
					};
					0FD8F4B9262D586500B10EF4 = {
						CreatedOnToolsVersion = 10.1;
						TestTargetID = 0FD8F4A5262D586400B10EF4;
					};
					0FD8F4C4262D586500B10EF4 = {
						CreatedOnToolsVersion = 10.1;
						TestTargetID = 0FD8F4A5262D586400B10EF4;
					};
				};
			};
			buildConfigurationList = 0FD8F4A1262D586400B10EF4 /* Build configuration list for PBXProject "2021_IP3S_IW13A_12" */;
			compatibilityVersion = "Xcode 9.3";
			developmentRegion = en;
			hasScannedForEncodings = 0;
			knownRegions = (
				en,
				Base,
			);
			mainGroup = 0FD8F49D262D586400B10EF4;
			productRefGroup = 0FD8F4A7262D586400B10EF4 /* Products */;
			projectDirPath = "";
			projectRoot = "";
			targets = (
				0FD8F4A5262D586400B10EF4 /* 2021_IP3S_IW13A_12 */,
				0FD8F4B9262D586500B10EF4 /* 2021_IP3S_IW13A_12Tests */,
				0FD8F4C4262D586500B10EF4 /* 2021_IP3S_IW13A_12UITests */,
			);
		};
/* End PBXProject section */

/* Begin PBXResourcesBuildPhase section */
		0FD8F4A4262D586400B10EF4 /* Resources */ = {
			isa = PBXResourcesBuildPhase;
			buildActionMask = 2147483647;
			files = (
				0FD8F4B4262D586500B10EF4 /* LaunchScreen.storyboard in Resources */,
				0FD8F4B1262D586500B10EF4 /* Assets.xcassets in Resources */,
				0FD8F4AF262D586400B10EF4 /* Main.storyboard in Resources */,
			);
			runOnlyForDeploymentPostprocessing = 0;
		};
		0FD8F4B8262D586500B10EF4 /* Resources */ = {
			isa = PBXResourcesBuildPhase;
			buildActionMask = 2147483647;
			files = (
			);
			runOnlyForDeploymentPostprocessing = 0;
		};
		0FD8F4C3262D586500B10EF4 /* Resources */ = {
			isa = PBXResourcesBuildPhase;
			buildActionMask = 2147483647;
			files = (
			);
			runOnlyForDeploymentPostprocessing = 0;
		};
/* End PBXResourcesBuildPhase section */

/* Begin PBXSourcesBuildPhase section */
		0FD8F4A2262D586400B10EF4 /* Sources */ = {
			isa = PBXSourcesBuildPhase;
			buildActionMask = 2147483647;
			files = (
				0F3037E32664B686003B6AB2 /* SubViewController.swift in Sources */,
				0FD8F4AC262D586400B10EF4 /* ViewController.swift in Sources */,
				0FD8F4AA262D586400B10EF4 /* AppDelegate.swift in Sources */,
			);
			runOnlyForDeploymentPostprocessing = 0;
		};
		0FD8F4B6262D586500B10EF4 /* Sources */ = {
			isa = PBXSourcesBuildPhase;
			buildActionMask = 2147483647;
			files = (
				0FD8F4BF262D586500B10EF4 /* _021_IP3S_IW13A_12Tests.swift in Sources */,
			);
			runOnlyForDeploymentPostprocessing = 0;
		};
		0FD8F4C1262D586500B10EF4 /* Sources */ = {
			isa = PBXSourcesBuildPhase;
			buildActionMask = 2147483647;
			files = (
				0FD8F4CA262D586500B10EF4 /* _021_IP3S_IW13A_12UITests.swift in Sources */,
			);
			runOnlyForDeploymentPostprocessing = 0;
		};
/* End PBXSourcesBuildPhase section */

/* Begin PBXTargetDependency section */
		0FD8F4BC262D586500B10EF4 /* PBXTargetDependency */ = {
			isa = PBXTargetDependency;
			target = 0FD8F4A5262D586400B10EF4 /* 2021_IP3S_IW13A_12 */;
			targetProxy = 0FD8F4BB262D586500B10EF4 /* PBXContainerItemProxy */;
		};
		0FD8F4C7262D586500B10EF4 /* PBXTargetDependency */ = {
			isa = PBXTargetDependency;
			target = 0FD8F4A5262D586400B10EF4 /* 2021_IP3S_IW13A_12 */;
			targetProxy = 0FD8F4C6262D586500B10EF4 /* PBXContainerItemProxy */;
		};
/* End PBXTargetDependency section */

/* Begin PBXVariantGroup section */
		0FD8F4AD262D586400B10EF4 /* Main.storyboard */ = {
			isa = PBXVariantGroup;
			children = (
				0FD8F4AE262D586400B10EF4 /* Base */,
			);
			name = Main.storyboard;
			sourceTree = "<group>";
		};
		0FD8F4B2262D586500B10EF4 /* LaunchScreen.storyboard */ = {
			isa = PBXVariantGroup;
			children = (
				0FD8F4B3262D586500B10EF4 /* Base */,
			);
			name = LaunchScreen.storyboard;
			sourceTree = "<group>";
		};
/* End PBXVariantGroup section */

/* Begin XCBuildConfiguration section */
		0FD8F4CC262D586500B10EF4 /* Debug */ = {
			isa = XCBuildConfiguration;
			buildSettings = {
				ALWAYS_SEARCH_USER_PATHS = NO;
				CLANG_ANALYZER_NONNULL = YES;
				CLANG_ANALYZER_NUMBER_OBJECT_CONVERSION = YES_AGGRESSIVE;
				CLANG_CXX_LANGUAGE_STANDARD = "gnu++14";
				CLANG_CXX_LIBRARY = "libc++";
				CLANG_ENABLE_MODULES = YES;
				CLANG_ENABLE_OBJC_ARC = YES;
				CLANG_ENABLE_OBJC_WEAK = YES;
				CLANG_WARN_BLOCK_CAPTURE_AUTORELEASING = YES;
				CLANG_WARN_BOOL_CONVERSION = YES;
				CLANG_WARN_COMMA = YES;
				CLANG_WARN_CONSTANT_CONVERSION = YES;
				CLANG_WARN_DEPRECATED_OBJC_IMPLEMENTATIONS = YES;
				CLANG_WARN_DIRECT_OBJC_ISA_USAGE = YES_ERROR;
				CLANG_WARN_DOCUMENTATION_COMMENTS = YES;
				CLANG_WARN_EMPTY_BODY = YES;
				CLANG_WARN_ENUM_CONVERSION = YES;
				CLANG_WARN_INFINITE_RECURSION = YES;
				CLANG_WARN_INT_CONVERSION = YES;
				CLANG_WARN_NON_LITERAL_NULL_CONVERSION = YES;
				CLANG_WARN_OBJC_IMPLICIT_RETAIN_SELF = YES;
				CLANG_WARN_OBJC_LITERAL_CONVERSION = YES;
				CLANG_WARN_OBJC_ROOT_CLASS = YES_ERROR;
				CLANG_WARN_RANGE_LOOP_ANALYSIS = YES;
				CLANG_WARN_STRICT_PROTOTYPES = YES;
				CLANG_WARN_SUSPICIOUS_MOVE = YES;
				CLANG_WARN_UNGUARDED_AVAILABILITY = YES_AGGRESSIVE;
				CLANG_WARN_UNREACHABLE_CODE = YES;
				CLANG_WARN__DUPLICATE_METHOD_MATCH = YES;
				CODE_SIGN_IDENTITY = "iPhone Developer";
				COPY_PHASE_STRIP = NO;
				DEBUG_INFORMATION_FORMAT = dwarf;
				ENABLE_STRICT_OBJC_MSGSEND = YES;
				ENABLE_TESTABILITY = YES;
				GCC_C_LANGUAGE_STANDARD = gnu11;
				GCC_DYNAMIC_NO_PIC = NO;
				GCC_NO_COMMON_BLOCKS = YES;
				GCC_OPTIMIZATION_LEVEL = 0;
				GCC_PREPROCESSOR_DEFINITIONS = (
					"DEBUG=1",
					"$(inherited)",
				);
				GCC_WARN_64_TO_32_BIT_CONVERSION = YES;
				GCC_WARN_ABOUT_RETURN_TYPE = YES_ERROR;
				GCC_WARN_UNDECLARED_SELECTOR = YES;
				GCC_WARN_UNINITIALIZED_AUTOS = YES_AGGRESSIVE;
				GCC_WARN_UNUSED_FUNCTION = YES;
				GCC_WARN_UNUSED_VARIABLE = YES;
				IPHONEOS_DEPLOYMENT_TARGET = 12.1;
				MTL_ENABLE_DEBUG_INFO = INCLUDE_SOURCE;
				MTL_FAST_MATH = YES;
				ONLY_ACTIVE_ARCH = YES;
				SDKROOT = iphoneos;
				SWIFT_ACTIVE_COMPILATION_CONDITIONS = DEBUG;
				SWIFT_OPTIMIZATION_LEVEL = "-Onone";
			};
			name = Debug;
		};
		0FD8F4CD262D586500B10EF4 /* Release */ = {
			isa = XCBuildConfiguration;
			buildSettings = {
				ALWAYS_SEARCH_USER_PATHS = NO;
				CLANG_ANALYZER_NONNULL = YES;
				CLANG_ANALYZER_NUMBER_OBJECT_CONVERSION = YES_AGGRESSIVE;
				CLANG_CXX_LANGUAGE_STANDARD = "gnu++14";
				CLANG_CXX_LIBRARY = "libc++";
				CLANG_ENABLE_MODULES = YES;
				CLANG_ENABLE_OBJC_ARC = YES;
				CLANG_ENABLE_OBJC_WEAK = YES;
				CLANG_WARN_BLOCK_CAPTURE_AUTORELEASING = YES;
				CLANG_WARN_BOOL_CONVERSION = YES;
				CLANG_WARN_COMMA = YES;
				CLANG_WARN_CONSTANT_CONVERSION = YES;
				CLANG_WARN_DEPRECATED_OBJC_IMPLEMENTATIONS = YES;
				CLANG_WARN_DIRECT_OBJC_ISA_USAGE = YES_ERROR;
				CLANG_WARN_DOCUMENTATION_COMMENTS = YES;
				CLANG_WARN_EMPTY_BODY = YES;
				CLANG_WARN_ENUM_CONVERSION = YES;
				CLANG_WARN_INFINITE_RECURSION = YES;
				CLANG_WARN_INT_CONVERSION = YES;
				CLANG_WARN_NON_LITERAL_NULL_CONVERSION = YES;
				CLANG_WARN_OBJC_IMPLICIT_RETAIN_SELF = YES;
				CLANG_WARN_OBJC_LITERAL_CONVERSION = YES;
				CLANG_WARN_OBJC_ROOT_CLASS = YES_ERROR;
				CLANG_WARN_RANGE_LOOP_ANALYSIS = YES;
				CLANG_WARN_STRICT_PROTOTYPES = YES;
				CLANG_WARN_SUSPICIOUS_MOVE = YES;
				CLANG_WARN_UNGUARDED_AVAILABILITY = YES_AGGRESSIVE;
				CLANG_WARN_UNREACHABLE_CODE = YES;
				CLANG_WARN__DUPLICATE_METHOD_MATCH = YES;
				CODE_SIGN_IDENTITY = "iPhone Developer";
				COPY_PHASE_STRIP = NO;
				DEBUG_INFORMATION_FORMAT = "dwarf-with-dsym";
				ENABLE_NS_ASSERTIONS = NO;
				ENABLE_STRICT_OBJC_MSGSEND = YES;
				GCC_C_LANGUAGE_STANDARD = gnu11;
				GCC_NO_COMMON_BLOCKS = YES;
				GCC_WARN_64_TO_32_BIT_CONVERSION = YES;
				GCC_WARN_ABOUT_RETURN_TYPE = YES_ERROR;
				GCC_WARN_UNDECLARED_SELECTOR = YES;
				GCC_WARN_UNINITIALIZED_AUTOS = YES_AGGRESSIVE;
				GCC_WARN_UNUSED_FUNCTION = YES;
				GCC_WARN_UNUSED_VARIABLE = YES;
				IPHONEOS_DEPLOYMENT_TARGET = 12.1;
				MTL_ENABLE_DEBUG_INFO = NO;
				MTL_FAST_MATH = YES;
				SDKROOT = iphoneos;
				SWIFT_COMPILATION_MODE = wholemodule;
				SWIFT_OPTIMIZATION_LEVEL = "-O";
				VALIDATE_PRODUCT = YES;
			};
			name = Release;
		};
		0FD8F4CF262D586500B10EF4 /* Debug */ = {
			isa = XCBuildConfiguration;
			buildSettings = {
				ASSETCATALOG_COMPILER_APPICON_NAME = AppIcon;
				CODE_SIGN_STYLE = Automatic;
				INFOPLIST_FILE = 2021_IP3S_IW13A_12/Info.plist;
				LD_RUNPATH_SEARCH_PATHS = (
					"$(inherited)",
					"@executable_path/Frameworks",
				);
				PRODUCT_BUNDLE_IDENTIFIER = "nhs90017.-021-IP3S-IW13A-12";
				PRODUCT_NAME = "$(TARGET_NAME)";
				SWIFT_VERSION = 4.2;
				TARGETED_DEVICE_FAMILY = "1,2";
			};
			name = Debug;
		};
		0FD8F4D0262D586500B10EF4 /* Release */ = {
			isa = XCBuildConfiguration;
			buildSettings = {
				ASSETCATALOG_COMPILER_APPICON_NAME = AppIcon;
				CODE_SIGN_STYLE = Automatic;
				INFOPLIST_FILE = 2021_IP3S_IW13A_12/Info.plist;
				LD_RUNPATH_SEARCH_PATHS = (
					"$(inherited)",
					"@executable_path/Frameworks",
				);
				PRODUCT_BUNDLE_IDENTIFIER = "nhs90017.-021-IP3S-IW13A-12";
				PRODUCT_NAME = "$(TARGET_NAME)";
				SWIFT_VERSION = 4.2;
				TARGETED_DEVICE_FAMILY = "1,2";
			};
			name = Release;
		};
		0FD8F4D2262D586500B10EF4 /* Debug */ = {
			isa = XCBuildConfiguration;
			buildSettings = {
				ALWAYS_EMBED_SWIFT_STANDARD_LIBRARIES = YES;
				BUNDLE_LOADER = "$(TEST_HOST)";
				CODE_SIGN_STYLE = Automatic;
				INFOPLIST_FILE = 2021_IP3S_IW13A_12Tests/Info.plist;
				LD_RUNPATH_SEARCH_PATHS = (
					"$(inherited)",
					"@executable_path/Frameworks",
					"@loader_path/Frameworks",
				);
				PRODUCT_BUNDLE_IDENTIFIER = "nhs90017.-021-IP3S-IW13A-12Tests";
				PRODUCT_NAME = "$(TARGET_NAME)";
				SWIFT_VERSION = 4.2;
				TARGETED_DEVICE_FAMILY = "1,2";
				TEST_HOST = "$(BUILT_PRODUCTS_DIR)/2021_IP3S_IW13A_12.app/2021_IP3S_IW13A_12";
			};
			name = Debug;
		};
		0FD8F4D3262D586500B10EF4 /* Release */ = {
			isa = XCBuildConfiguration;
			buildSettings = {
				ALWAYS_EMBED_SWIFT_STANDARD_LIBRARIES = YES;
				BUNDLE_LOADER = "$(TEST_HOST)";
				CODE_SIGN_STYLE = Automatic;
				INFOPLIST_FILE = 2021_IP3S_IW13A_12Tests/Info.plist;
				LD_RUNPATH_SEARCH_PATHS = (
					"$(inherited)",
					"@executable_path/Frameworks",
					"@loader_path/Frameworks",
				);
				PRODUCT_BUNDLE_IDENTIFIER = "nhs90017.-021-IP3S-IW13A-12Tests";
				PRODUCT_NAME = "$(TARGET_NAME)";
				SWIFT_VERSION = 4.2;
				TARGETED_DEVICE_FAMILY = "1,2";
				TEST_HOST = "$(BUILT_PRODUCTS_DIR)/2021_IP3S_IW13A_12.app/2021_IP3S_IW13A_12";
			};
			name = Release;
		};
		0FD8F4D5262D586500B10EF4 /* Debug */ = {
			isa = XCBuildConfiguration;
			buildSettings = {
				ALWAYS_EMBED_SWIFT_STANDARD_LIBRARIES = YES;
				CODE_SIGN_STYLE = Automatic;
				INFOPLIST_FILE = 2021_IP3S_IW13A_12UITests/Info.plist;
				LD_RUNPATH_SEARCH_PATHS = (
					"$(inherited)",
					"@executable_path/Frameworks",
					"@loader_path/Frameworks",
				);
				PRODUCT_BUNDLE_IDENTIFIER = "nhs90017.-021-IP3S-IW13A-12UITests";
				PRODUCT_NAME = "$(TARGET_NAME)";
				SWIFT_VERSION = 4.2;
				TARGETED_DEVICE_FAMILY = "1,2";
				TEST_TARGET_NAME = 2021_IP3S_IW13A_12;
			};
			name = Debug;
		};
		0FD8F4D6262D586500B10EF4 /* Release */ = {
			isa = XCBuildConfiguration;
			buildSettings = {
				ALWAYS_EMBED_SWIFT_STANDARD_LIBRARIES = YES;
				CODE_SIGN_STYLE = Automatic;
				INFOPLIST_FILE = 2021_IP3S_IW13A_12UITests/Info.plist;
				LD_RUNPATH_SEARCH_PATHS = (
					"$(inherited)",
					"@executable_path/Frameworks",
					"@loader_path/Frameworks",
				);
				PRODUCT_BUNDLE_IDENTIFIER = "nhs90017.-021-IP3S-IW13A-12UITests";
				PRODUCT_NAME = "$(TARGET_NAME)";
				SWIFT_VERSION = 4.2;
				TARGETED_DEVICE_FAMILY = "1,2";
				TEST_TARGET_NAME = 2021_IP3S_IW13A_12;
			};
			name = Release;
		};
/* End XCBuildConfiguration section */

/* Begin XCConfigurationList section */
		0FD8F4A1262D586400B10EF4 /* Build configuration list for PBXProject "2021_IP3S_IW13A_12" */ = {
			isa = XCConfigurationList;
			buildConfigurations = (
				0FD8F4CC262D586500B10EF4 /* Debug */,
				0FD8F4CD262D586500B10EF4 /* Release */,
			);
			defaultConfigurationIsVisible = 0;
			defaultConfigurationName = Release;
		};
		0FD8F4CE262D586500B10EF4 /* Build configuration list for PBXNativeTarget "2021_IP3S_IW13A_12" */ = {
			isa = XCConfigurationList;
			buildConfigurations = (
				0FD8F4CF262D586500B10EF4 /* Debug */,
				0FD8F4D0262D586500B10EF4 /* Release */,
			);
			defaultConfigurationIsVisible = 0;
			defaultConfigurationName = Release;
		};
		0FD8F4D1262D586500B10EF4 /* Build configuration list for PBXNativeTarget "2021_IP3S_IW13A_12Tests" */ = {
			isa = XCConfigurationList;
			buildConfigurations = (
				0FD8F4D2262D586500B10EF4 /* Debug */,
				0FD8F4D3262D586500B10EF4 /* Release */,
			);
			defaultConfigurationIsVisible = 0;
			defaultConfigurationName = Release;
		};
		0FD8F4D4262D586500B10EF4 /* Build configuration list for PBXNativeTarget "2021_IP3S_IW13A_12UITests" */ = {
			isa = XCConfigurationList;
			buildConfigurations = (
				0FD8F4D5262D586500B10EF4 /* Debug */,
				0FD8F4D6262D586500B10EF4 /* Release */,
			);
			defaultConfigurationIsVisible = 0;
			defaultConfigurationName = Release;
		};
/* End XCConfigurationList section */
	};
	rootObject = 0FD8F49E262D586400B10EF4 /* Project object */;
}
